
Microsoft Visual Studio Solution File, Format Version 12.00
# Visual Studio Version 17
VisualStudioVersion = 17.8.34322.80
MinimumVisualStudioVersion = 10.0.40219.1
Project("{8BC9CEB8-8B4A-11D0-8D11-00A0C91BC942}") = "Glassboxie", "Glassboxie\Glassboxie.vcxproj", "{FBBE40AF-124A-41D1-9563-C0E014FC09FC}"
EndProject
Project("{8BC9CEB8-8B4A-11D0-8D11-00A0C91BC942}") = "LibGlassboxie", "LibGlassboxie\LibGlassboxie.vcxitems", "{27297799-9D77-4643-8285-F62C7E2C9673}"
EndProject
Project("{2150E333-8FDC-42A3-9474-1A3956D46DE8}") = "Solution Items", "Solution Items", "{30119755-0E21-42E7-8A17-8BDC95F6B7F6}"
	ProjectSection(SolutionItems) = preProject
		.editorconfig = .editorconfig
	EndProjectSection
EndProject
Global
	GlobalSection(SolutionConfigurationPlatforms) = preSolution
		Debug|x64 = Debug|x64
		Debug|x86 = Debug|x86
		Release|x64 = Release|x64
		Release|x86 = Release|x86
	EndGlobalSection
	GlobalSection(ProjectConfigurationPlatforms) = postSolution
		{FBBE40AF-124A-41D1-9563-C0E014FC09FC}.Debug|x64.ActiveCfg = Debug|x64
		{FBBE40AF-124A-41D1-9563-C0E014FC09FC}.Debug|x64.Build.0 = Debug|x64
		{FBBE40AF-124A-41D1-9563-C0E014FC09FC}.Debug|x86.ActiveCfg = Debug|Win32
		{FBBE40AF-124A-41D1-9563-C0E014FC09FC}.Debug|x86.Build.0 = Debug|Win32
		{FBBE40AF-124A-41D1-9563-C0E014FC09FC}.Release|x64.ActiveCfg = Release|x64
		{FBBE40AF-124A-41D1-9563-C0E014FC09FC}.Release|x64.Build.0 = Release|x64
		{FBBE40AF-124A-41D1-9563-C0E014FC09FC}.Release|x86.ActiveCfg = Release|Win32
		{FBBE40AF-124A-41D1-9563-C0E014FC09FC}.Release|x86.Build.0 = Release|Win32
	EndGlobalSection
	GlobalSection(SolutionProperties) = preSolution
		HideSolutionNode = FALSE
	EndGlobalSection
	GlobalSection(ExtensibilityGlobals) = postSolution
		SolutionGuid = {5D4E3CD3-4FD4-4841-948E-941CF8E415DD}
	EndGlobalSection
	GlobalSection(SharedMSBuildProjectFiles) = preSolution
		LibGlassboxie\LibGlassboxie.vcxitems*{27297799-9d77-4643-8285-f62c7e2c9673}*SharedItemsImports = 9
		LibGlassboxie\LibGlassboxie.vcxitems*{fbbe40af-124a-41d1-9563-c0e014fc09fc}*SharedItemsImports = 4
	EndGlobalSection
EndGlobal
